
Microsoft Visual Studio Solution File, Format Version 12.00
# Visual Studio Version 16
VisualStudioVersion = 16.0.30907.101
MinimumVisualStudioVersion = 10.0.40219.1
Project("{9A19103F-16F7-4668-BE54-9A1E7A4F7556}") = "CM.Application", "CM.Application\CM.Application.csproj", "{3DE0DAD5-4464-45A1-A143-ECA2091D7C17}"
EndProject
Project("{9A19103F-16F7-4668-BE54-9A1E7A4F7556}") = "CM.Data", "CM.Data\CM.Data.csproj", "{F0452940-E7B6-4DBC-A411-46286D21663C}"
EndProject
Project("{9A19103F-16F7-4668-BE54-9A1E7A4F7556}") = "CM.UI", "CM.UI\CM.UI.csproj", "{0536ACC3-60CA-4C57-9E5A-B458D9218028}"
EndProject
Project("{FAE04EC0-301F-11D3-BF4B-00C04F79EFBC}") = "CM.Core", "CM.Core\CM.Core.csproj", "{66EB825D-B4CE-48CB-9387-B93761B2731C}"
EndProject
Global
	GlobalSection(SolutionConfigurationPlatforms) = preSolution
		Debug|Any CPU = Debug|Any CPU
		Release|Any CPU = Release|Any CPU
	EndGlobalSection
	GlobalSection(ProjectConfigurationPlatforms) = postSolution
		{3DE0DAD5-4464-45A1-A143-ECA2091D7C17}.Debug|Any CPU.ActiveCfg = Debug|Any CPU
		{3DE0DAD5-4464-45A1-A143-ECA2091D7C17}.Debug|Any CPU.Build.0 = Debug|Any CPU
		{3DE0DAD5-4464-45A1-A143-ECA2091D7C17}.Release|Any CPU.ActiveCfg = Release|Any CPU
		{3DE0DAD5-4464-45A1-A143-ECA2091D7C17}.Release|Any CPU.Build.0 = Release|Any CPU
		{F0452940-E7B6-4DBC-A411-46286D21663C}.Debug|Any CPU.ActiveCfg = Debug|Any CPU
		{F0452940-E7B6-4DBC-A411-46286D21663C}.Debug|Any CPU.Build.0 = Debug|Any CPU
		{F0452940-E7B6-4DBC-A411-46286D21663C}.Release|Any CPU.ActiveCfg = Release|Any CPU
		{F0452940-E7B6-4DBC-A411-46286D21663C}.Release|Any CPU.Build.0 = Release|Any CPU
		{0536ACC3-60CA-4C57-9E5A-B458D9218028}.Debug|Any CPU.ActiveCfg = Debug|Any CPU
		{0536ACC3-60CA-4C57-9E5A-B458D9218028}.Debug|Any CPU.Build.0 = Debug|Any CPU
		{0536ACC3-60CA-4C57-9E5A-B458D9218028}.Release|Any CPU.ActiveCfg = Release|Any CPU
		{0536ACC3-60CA-4C57-9E5A-B458D9218028}.Release|Any CPU.Build.0 = Release|Any CPU
		{66EB825D-B4CE-48CB-9387-B93761B2731C}.Debug|Any CPU.ActiveCfg = Debug|Any CPU
		{66EB825D-B4CE-48CB-9387-B93761B2731C}.Debug|Any CPU.Build.0 = Debug|Any CPU
		{66EB825D-B4CE-48CB-9387-B93761B2731C}.Release|Any CPU.ActiveCfg = Release|Any CPU
		{66EB825D-B4CE-48CB-9387-B93761B2731C}.Release|Any CPU.Build.0 = Release|Any CPU
	EndGlobalSection
	GlobalSection(SolutionProperties) = preSolution
		HideSolutionNode = FALSE
	EndGlobalSection
	GlobalSection(ExtensibilityGlobals) = postSolution
		SolutionGuid = {B7A201D8-6A1F-44ED-BF45-27CFF0E0878B}
	EndGlobalSection
EndGlobal
